
Microsoft Visual Studio Solution File, Format Version 12.00
# Visual Studio Version 16
VisualStudioVersion = 16.0.29806.167
MinimumVisualStudioVersion = 10.0.40219.1
Project("{9A19103F-16F7-4668-BE54-9A1E7A4F7556}") = "AGLDevTestAPI", "AGLDevTestAPI\AGLDevTestAPI.csproj", "{1A02CD9C-F2A1-4D45-8938-E4975C52AC8B}"
EndProject
Project("{9A19103F-16F7-4668-BE54-9A1E7A4F7556}") = "AGLDevTestAPI.Test", "AGLDevTestAPI.Test\AGLDevTestAPI.Test.csproj", "{9B2BA0F3-149F-44E5-897C-0C2CEAD43664}"
EndProject
Project("{FAE04EC0-301F-11D3-BF4B-00C04F79EFBC}") = "AGLDevTestClient", "AGLDevTestClient\AGLDevTestClient.csproj", "{E8D6B02C-040B-4687-85A6-CEDA4AA885DF}"
EndProject
Global
	GlobalSection(SolutionConfigurationPlatforms) = preSolution
		Debug|Any CPU = Debug|Any CPU
		Release|Any CPU = Release|Any CPU
	EndGlobalSection
	GlobalSection(ProjectConfigurationPlatforms) = postSolution
		{1A02CD9C-F2A1-4D45-8938-E4975C52AC8B}.Debug|Any CPU.ActiveCfg = Debug|Any CPU
		{1A02CD9C-F2A1-4D45-8938-E4975C52AC8B}.Debug|Any CPU.Build.0 = Debug|Any CPU
		{1A02CD9C-F2A1-4D45-8938-E4975C52AC8B}.Release|Any CPU.ActiveCfg = Release|Any CPU
		{1A02CD9C-F2A1-4D45-8938-E4975C52AC8B}.Release|Any CPU.Build.0 = Release|Any CPU
		{9B2BA0F3-149F-44E5-897C-0C2CEAD43664}.Debug|Any CPU.ActiveCfg = Debug|Any CPU
		{9B2BA0F3-149F-44E5-897C-0C2CEAD43664}.Debug|Any CPU.Build.0 = Debug|Any CPU
		{9B2BA0F3-149F-44E5-897C-0C2CEAD43664}.Release|Any CPU.ActiveCfg = Release|Any CPU
		{9B2BA0F3-149F-44E5-897C-0C2CEAD43664}.Release|Any CPU.Build.0 = Release|Any CPU
		{E8D6B02C-040B-4687-85A6-CEDA4AA885DF}.Debug|Any CPU.ActiveCfg = Debug|Any CPU
		{E8D6B02C-040B-4687-85A6-CEDA4AA885DF}.Debug|Any CPU.Build.0 = Debug|Any CPU
		{E8D6B02C-040B-4687-85A6-CEDA4AA885DF}.Release|Any CPU.ActiveCfg = Release|Any CPU
		{E8D6B02C-040B-4687-85A6-CEDA4AA885DF}.Release|Any CPU.Build.0 = Release|Any CPU
	EndGlobalSection
	GlobalSection(SolutionProperties) = preSolution
		HideSolutionNode = FALSE
	EndGlobalSection
	GlobalSection(ExtensibilityGlobals) = postSolution
		SolutionGuid = {C8F96323-BB35-4B4A-8E33-A5B7EE16FDE2}
	EndGlobalSection
EndGlobal
